
Microsoft Visual Studio Solution File, Format Version 12.00
# Visual Studio 2012
Project("{FAE04EC0-301F-11D3-BF4B-00C04F79EFBC}") = "rskb.boardprovider", "rskb.boardprovider\rskb.boardprovider.csproj", "{4EEEAF37-69EE-439F-82D3-904639D31202}"
EndProject
Global
	GlobalSection(SolutionConfigurationPlatforms) = preSolution
		Debug|Any CPU = Debug|Any CPU
		Release|Any CPU = Release|Any CPU
	EndGlobalSection
	GlobalSection(ProjectConfigurationPlatforms) = postSolution
		{4EEEAF37-69EE-439F-82D3-904639D31202}.Debug|Any CPU.ActiveCfg = Debug|Any CPU
		{4EEEAF37-69EE-439F-82D3-904639D31202}.Debug|Any CPU.Build.0 = Debug|Any CPU
		{4EEEAF37-69EE-439F-82D3-904639D31202}.Release|Any CPU.ActiveCfg = Release|Any CPU
		{4EEEAF37-69EE-439F-82D3-904639D31202}.Release|Any CPU.Build.0 = Release|Any CPU
	EndGlobalSection
	GlobalSection(SolutionProperties) = preSolution
		HideSolutionNode = FALSE
	EndGlobalSection
EndGlobal
