
Microsoft Visual Studio Solution File, Format Version 12.00
# Visual Studio 2012
Project("{FAE04EC0-301F-11D3-BF4B-00C04F79EFBC}") = "rskb.boardportal", "rskb.boardportal\rskb.boardportal.csproj", "{9CBE4D49-B7BC-40A2-8747-971ECC961535}"
EndProject
Project("{FAE04EC0-301F-11D3-BF4B-00C04F79EFBC}") = "rskb.boardportalTests", "rskb.boardportalTests\rskb.boardportalTests.csproj", "{1E671D53-7AE1-49A0-A96E-D89D4089FA53}"
EndProject
Global
	GlobalSection(SolutionConfigurationPlatforms) = preSolution
		Debug|Any CPU = Debug|Any CPU
		Release|Any CPU = Release|Any CPU
	EndGlobalSection
	GlobalSection(ProjectConfigurationPlatforms) = postSolution
		{9CBE4D49-B7BC-40A2-8747-971ECC961535}.Debug|Any CPU.ActiveCfg = Debug|Any CPU
		{9CBE4D49-B7BC-40A2-8747-971ECC961535}.Debug|Any CPU.Build.0 = Debug|Any CPU
		{9CBE4D49-B7BC-40A2-8747-971ECC961535}.Release|Any CPU.ActiveCfg = Release|Any CPU
		{9CBE4D49-B7BC-40A2-8747-971ECC961535}.Release|Any CPU.Build.0 = Release|Any CPU
		{1E671D53-7AE1-49A0-A96E-D89D4089FA53}.Debug|Any CPU.ActiveCfg = Debug|Any CPU
		{1E671D53-7AE1-49A0-A96E-D89D4089FA53}.Debug|Any CPU.Build.0 = Debug|Any CPU
		{1E671D53-7AE1-49A0-A96E-D89D4089FA53}.Release|Any CPU.ActiveCfg = Release|Any CPU
		{1E671D53-7AE1-49A0-A96E-D89D4089FA53}.Release|Any CPU.Build.0 = Release|Any CPU
	EndGlobalSection
	GlobalSection(SolutionProperties) = preSolution
		HideSolutionNode = FALSE
	EndGlobalSection
EndGlobal
