
Microsoft Visual Studio Solution File, Format Version 12.00
# Visual Studio 2012
Project("{FAE04EC0-301F-11D3-BF4B-00C04F79EFBC}") = "rskb.boardcontroller", "rskb.boardcontroller\rskb.boardcontroller.csproj", "{3AC585BF-D23C-4576-9A8C-CAF54153F01F}"
EndProject
Project("{FAE04EC0-301F-11D3-BF4B-00C04F79EFBC}") = "rsbk.boardcontrollertest", "rsbk.boardcontrollertest\rsbk.boardcontrollertest.csproj", "{E79C9B38-616F-4E87-878C-F952D2F3E9AB}"
EndProject
Global
	GlobalSection(SolutionConfigurationPlatforms) = preSolution
		Debug|Any CPU = Debug|Any CPU
		Release|Any CPU = Release|Any CPU
	EndGlobalSection
	GlobalSection(ProjectConfigurationPlatforms) = postSolution
		{3AC585BF-D23C-4576-9A8C-CAF54153F01F}.Debug|Any CPU.ActiveCfg = Debug|Any CPU
		{3AC585BF-D23C-4576-9A8C-CAF54153F01F}.Debug|Any CPU.Build.0 = Debug|Any CPU
		{3AC585BF-D23C-4576-9A8C-CAF54153F01F}.Release|Any CPU.ActiveCfg = Release|Any CPU
		{3AC585BF-D23C-4576-9A8C-CAF54153F01F}.Release|Any CPU.Build.0 = Release|Any CPU
		{E79C9B38-616F-4E87-878C-F952D2F3E9AB}.Debug|Any CPU.ActiveCfg = Debug|Any CPU
		{E79C9B38-616F-4E87-878C-F952D2F3E9AB}.Debug|Any CPU.Build.0 = Debug|Any CPU
		{E79C9B38-616F-4E87-878C-F952D2F3E9AB}.Release|Any CPU.ActiveCfg = Release|Any CPU
		{E79C9B38-616F-4E87-878C-F952D2F3E9AB}.Release|Any CPU.Build.0 = Release|Any CPU
	EndGlobalSection
	GlobalSection(SolutionProperties) = preSolution
		HideSolutionNode = FALSE
	EndGlobalSection
EndGlobal
